
Microsoft Visual Studio Solution File, Format Version 12.00
# Visual Studio Version 17
VisualStudioVersion = 17.11.35208.52
MinimumVisualStudioVersion = 10.0.40219.1
Project("{8BC9CEB8-8B4A-11D0-8D11-00A0C91BC942}") = "Bai01", "Project1\Project1.vcxproj", "{C73D5C69-4BBB-40A5-AE43-0E90A548CD35}"
EndProject
Project("{8BC9CEB8-8B4A-11D0-8D11-00A0C91BC942}") = "Bai02", "Bai02\Bai02.vcxproj", "{2962EC79-B9D6-4AE9-A37B-C92816C4821A}"
EndProject
Project("{8BC9CEB8-8B4A-11D0-8D11-00A0C91BC942}") = "Bai03", "Bai03\Bai03.vcxproj", "{F7E7E65C-2D64-4E18-855F-5DEF571104A4}"
EndProject
Project("{8BC9CEB8-8B4A-11D0-8D11-00A0C91BC942}") = "Bai04", "Bai04\Bai04.vcxproj", "{B2A549E3-7D71-414E-A4CA-D032B82B5838}"
EndProject
Global
	GlobalSection(SolutionConfigurationPlatforms) = preSolution
		Debug|x64 = Debug|x64
		Debug|x86 = Debug|x86
		Release|x64 = Release|x64
		Release|x86 = Release|x86
	EndGlobalSection
	GlobalSection(ProjectConfigurationPlatforms) = postSolution
		{C73D5C69-4BBB-40A5-AE43-0E90A548CD35}.Debug|x64.ActiveCfg = Debug|x64
		{C73D5C69-4BBB-40A5-AE43-0E90A548CD35}.Debug|x64.Build.0 = Debug|x64
		{C73D5C69-4BBB-40A5-AE43-0E90A548CD35}.Debug|x86.ActiveCfg = Debug|Win32
		{C73D5C69-4BBB-40A5-AE43-0E90A548CD35}.Debug|x86.Build.0 = Debug|Win32
		{C73D5C69-4BBB-40A5-AE43-0E90A548CD35}.Release|x64.ActiveCfg = Release|x64
		{C73D5C69-4BBB-40A5-AE43-0E90A548CD35}.Release|x64.Build.0 = Release|x64
		{C73D5C69-4BBB-40A5-AE43-0E90A548CD35}.Release|x86.ActiveCfg = Release|Win32
		{C73D5C69-4BBB-40A5-AE43-0E90A548CD35}.Release|x86.Build.0 = Release|Win32
		{2962EC79-B9D6-4AE9-A37B-C92816C4821A}.Debug|x64.ActiveCfg = Debug|x64
		{2962EC79-B9D6-4AE9-A37B-C92816C4821A}.Debug|x64.Build.0 = Debug|x64
		{2962EC79-B9D6-4AE9-A37B-C92816C4821A}.Debug|x86.ActiveCfg = Debug|Win32
		{2962EC79-B9D6-4AE9-A37B-C92816C4821A}.Debug|x86.Build.0 = Debug|Win32
		{2962EC79-B9D6-4AE9-A37B-C92816C4821A}.Release|x64.ActiveCfg = Release|x64
		{2962EC79-B9D6-4AE9-A37B-C92816C4821A}.Release|x64.Build.0 = Release|x64
		{2962EC79-B9D6-4AE9-A37B-C92816C4821A}.Release|x86.ActiveCfg = Release|Win32
		{2962EC79-B9D6-4AE9-A37B-C92816C4821A}.Release|x86.Build.0 = Release|Win32
		{F7E7E65C-2D64-4E18-855F-5DEF571104A4}.Debug|x64.ActiveCfg = Debug|x64
		{F7E7E65C-2D64-4E18-855F-5DEF571104A4}.Debug|x64.Build.0 = Debug|x64
		{F7E7E65C-2D64-4E18-855F-5DEF571104A4}.Debug|x86.ActiveCfg = Debug|Win32
		{F7E7E65C-2D64-4E18-855F-5DEF571104A4}.Debug|x86.Build.0 = Debug|Win32
		{F7E7E65C-2D64-4E18-855F-5DEF571104A4}.Release|x64.ActiveCfg = Release|x64
		{F7E7E65C-2D64-4E18-855F-5DEF571104A4}.Release|x64.Build.0 = Release|x64
		{F7E7E65C-2D64-4E18-855F-5DEF571104A4}.Release|x86.ActiveCfg = Release|Win32
		{F7E7E65C-2D64-4E18-855F-5DEF571104A4}.Release|x86.Build.0 = Release|Win32
		{B2A549E3-7D71-414E-A4CA-D032B82B5838}.Debug|x64.ActiveCfg = Debug|x64
		{B2A549E3-7D71-414E-A4CA-D032B82B5838}.Debug|x64.Build.0 = Debug|x64
		{B2A549E3-7D71-414E-A4CA-D032B82B5838}.Debug|x86.ActiveCfg = Debug|Win32
		{B2A549E3-7D71-414E-A4CA-D032B82B5838}.Debug|x86.Build.0 = Debug|Win32
		{B2A549E3-7D71-414E-A4CA-D032B82B5838}.Release|x64.ActiveCfg = Release|x64
		{B2A549E3-7D71-414E-A4CA-D032B82B5838}.Release|x64.Build.0 = Release|x64
		{B2A549E3-7D71-414E-A4CA-D032B82B5838}.Release|x86.ActiveCfg = Release|Win32
		{B2A549E3-7D71-414E-A4CA-D032B82B5838}.Release|x86.Build.0 = Release|Win32
	EndGlobalSection
	GlobalSection(SolutionProperties) = preSolution
		HideSolutionNode = FALSE
	EndGlobalSection
	GlobalSection(ExtensibilityGlobals) = postSolution
		SolutionGuid = {B679E3C3-4410-4465-AB17-4CA52AC64CB3}
	EndGlobalSection
EndGlobal
